{
  "nodes": {
    "flake-utils": {
      "locked": {
        "lastModified": 1667395993,
        "narHash": "sha256-nuEHfE/LcWyuSWnS8t12N1wc105Qtau+/OdUAjtQ0rA=",
        "owner": "numtide",
        "repo": "flake-utils",
        "rev": "5aed5285a952e0b949eb3ba02c12fa4fcfef535f",
        "type": "github"
      },
      "original": {
        "owner": "numtide",
        "repo": "flake-utils",
        "type": "github"
      }
    },
    "java-language-server": {
      "inputs": {
        "nixpkgs": "nixpkgs"
      },
      "locked": {
        "lastModified": 1688568849,
        "narHash": "sha256-3oOgfV0T9tD3RyXUc/miXcXoNt9JkYkL1Jdg+rl+2lg=",
        "owner": "replit",
        "repo": "java-language-server",
        "rev": "a8429dbed50f2de324e44a1b81dc2b94a248adc6",
        "type": "github"
      },
      "original": {
        "owner": "replit",
        "repo": "java-language-server",
        "type": "github"
      }
    },
    "nixpkgs": {
      "locked": {
        "lastModified": 1688177999,
        "narHash": "sha256-JZ5nk90Ym79b4J593xYb0mI79QxU0efJLuCU3sXDalQ=",
        "owner": "nixos",
        "repo": "nixpkgs",
        "rev": "0de86059128947b2438995450f2c2ca08cc783d5",
        "type": "github"
      },
      "original": {
        "owner": "nixos",
        "ref": "nixos-23.05",
        "repo": "nixpkgs",
        "type": "github"
      }
    },
    "nixpkgs-unstable": {
      "locked": {
        "lastModified": 1686089707,
        "narHash": "sha256-LTNlJcru2qJ0XhlhG9Acp5KyjB774Pza3tRH0pKIb3o=",
        "owner": "nixos",
        "repo": "nixpkgs",
        "rev": "af21c31b2a1ec5d361ed8050edd0303c31306397",
        "type": "github"
      },
      "original": {
        "owner": "nixos",
        "ref": "nixpkgs-unstable",
        "repo": "nixpkgs",
        "type": "github"
      }
    },
    "nixpkgs_2": {
      "locked": {
        "lastModified": 1687466461,
        "narHash": "sha256-oupXI7g7RPzlpGUfAu1xG4KBK53GrZH8/xeKgKDB4+Q=",
        "owner": "nixos",
        "repo": "nixpkgs",
        "rev": "ecb441f22067ba1d6312f4932a7c64efa8d19a7b",
        "type": "github"
      },
      "original": {
        "owner": "nixos",
        "ref": "nixos-23.05",
        "repo": "nixpkgs",
        "type": "github"
      }
    },
    "nixpkgs_3": {
      "locked": {
        "lastModified": 1670276674,
        "narHash": "sha256-FqZ7b2RpoHQ/jlG6JPcCNmG/DoUPCIvyaropUDFhF3Q=",
        "owner": "NixOS",
        "repo": "nixpkgs",
        "rev": "52e3e80afff4b16ccb7c52e9f0f5220552f03d04",
        "type": "github"
      },
      "original": {
        "owner": "nixos",
        "ref": "nixos-22.11",
        "repo": "nixpkgs",
        "type": "github"
      }
    },
    "prybar": {
      "inputs": {
        "flake-utils": "flake-utils",
        "nixpkgs": "nixpkgs_3"
      },
      "locked": {
        "lastModified": 1683297029,
        "narHash": "sha256-CzzkHL+CtKO0e8r8TuJnRPln7SGc6R2Ke1HhwD9ptKU=",
        "owner": "replit",
        "repo": "prybar",
        "rev": "22c750d920f53cb5450062e9c3a6421296941b84",
        "type": "github"
      },
      "original": {
        "owner": "replit",
        "repo": "prybar",
        "type": "github"
      }
    },
    "root": {
      "inputs": {
        "java-language-server": "java-language-server",
        "nixpkgs": "nixpkgs_2",
        "nixpkgs-unstable": "nixpkgs-unstable",
        "prybar": "prybar"
      }
    }
  },
  "root": "root",
  "version": 7
}
