{
  "nodes": {
    "fenix": {
      "inputs": {
        "nixpkgs": [
          "nixpkgs-unstable"
        ],
        "rust-analyzer-src": "rust-analyzer-src"
      },
      "locked": {
        "lastModified": 1705559032,
        "narHash": "sha256-Cb+Jd1+Gz4Wi+8elPnUIHnqQmE1qjDRZ+PsJaPaAffY=",
        "owner": "nix-community",
        "repo": "fenix",
        "rev": "e132ea0eb0c799a2109a91688e499d7bf4962801",
        "type": "github"
      },
      "original": {
        "owner": "nix-community",
        "repo": "fenix",
        "type": "github"
      }
    },
    "flake-parts": {
      "inputs": {
        "nixpkgs-lib": "nixpkgs-lib"
      },
      "locked": {
        "lastModified": 1685662779,
        "narHash": "sha256-cKDDciXGpMEjP1n6HlzKinN0H+oLmNpgeCTzYnsA2po=",
        "owner": "hercules-ci",
        "repo": "flake-parts",
        "rev": "71fb97f0d875fd4de4994dfb849f2c75e17eb6c3",
        "type": "github"
      },
      "original": {
        "owner": "hercules-ci",
        "repo": "flake-parts",
        "type": "github"
      }
    },
    "flake-utils": {
      "locked": {
        "lastModified": 1667395993,
        "narHash": "sha256-nuEHfE/LcWyuSWnS8t12N1wc105Qtau+/OdUAjtQ0rA=",
        "owner": "numtide",
        "repo": "flake-utils",
        "rev": "5aed5285a952e0b949eb3ba02c12fa4fcfef535f",
        "type": "github"
      },
      "original": {
        "owner": "numtide",
        "repo": "flake-utils",
        "type": "github"
      }
    },
    "java-language-server": {
      "inputs": {
        "nixpkgs": [
          "nixpkgs-unstable"
        ]
      },
      "locked": {
        "lastModified": 1688568849,
        "narHash": "sha256-3oOgfV0T9tD3RyXUc/miXcXoNt9JkYkL1Jdg+rl+2lg=",
        "owner": "replit",
        "repo": "java-language-server",
        "rev": "a8429dbed50f2de324e44a1b81dc2b94a248adc6",
        "type": "github"
      },
      "original": {
        "owner": "replit",
        "repo": "java-language-server",
        "type": "github"
      }
    },
    "nixd": {
      "inputs": {
        "flake-parts": "flake-parts",
        "nixpkgs": [
          "nixpkgs-unstable"
        ]
      },
      "locked": {
        "lastModified": 1693052712,
        "narHash": "sha256-7wrP6s4OEuR7BUasy76n7j+c09rp7wyOq7YVYviXw9s=",
        "owner": "nix-community",
        "repo": "nixd",
        "rev": "f88accc8a8231efdae900ff6a14cb6301a73cff9",
        "type": "github"
      },
      "original": {
        "owner": "nix-community",
        "repo": "nixd",
        "type": "github"
      }
    },
    "nixpkgs": {
      "locked": {
        "lastModified": 1710889954,
        "narHash": "sha256-Pr6F5Pmd7JnNEMHHmspZ0qVqIBVxyZ13ik1pJtm2QXk=",
        "owner": "NixOS",
        "repo": "nixpkgs",
        "rev": "7872526e9c5332274ea5932a0c3270d6e4724f3b",
        "type": "github"
      },
      "original": {
        "id": "nixpkgs",
        "type": "indirect"
      }
    },
    "nixpkgs-lib": {
      "locked": {
        "dir": "lib",
        "lastModified": 1685564631,
        "narHash": "sha256-8ywr3AkblY4++3lIVxmrWZFzac7+f32ZEhH/A8pNscI=",
        "owner": "NixOS",
        "repo": "nixpkgs",
        "rev": "4f53efe34b3a8877ac923b9350c874e3dcd5dc0a",
        "type": "github"
      },
      "original": {
        "dir": "lib",
        "owner": "NixOS",
        "ref": "nixos-unstable",
        "repo": "nixpkgs",
        "type": "github"
      }
    },
    "nixpkgs-unstable": {
      "locked": {
        "lastModified": 1701156937,
        "narHash": "sha256-jpMJOFvOTejx211D8z/gz0ErRtQPy6RXxgD2ZB86mso=",
        "owner": "nixos",
        "repo": "nixpkgs",
        "rev": "7c4c20509c4363195841faa6c911777a134acdf3",
        "type": "github"
      },
      "original": {
        "owner": "nixos",
        "repo": "nixpkgs",
        "rev": "7c4c20509c4363195841faa6c911777a134acdf3",
        "type": "github"
      }
    },
    "prybar": {
      "inputs": {
        "flake-utils": "flake-utils",
        "nixpkgs": [
          "nixpkgs-unstable"
        ]
      },
      "locked": {
        "lastModified": 1694708807,
        "narHash": "sha256-Fb8L0Sl5kP9mDJMaAjt5igruA/fpa34KHuHUhy8wraI=",
        "owner": "replit",
        "repo": "prybar",
        "rev": "59b47997a2e2d121679315efcc35f33b157182e7",
        "type": "github"
      },
      "original": {
        "owner": "replit",
        "repo": "prybar",
        "type": "github"
      }
    },
    "replit-rtld-loader": {
      "inputs": {
        "nixpkgs": [
          "nixpkgs-unstable"
        ]
      },
      "locked": {
        "lastModified": 1708616763,
        "narHash": "sha256-PsKc1HWgvVhQTVRGuXMekMfxZ+yLARwouXVZLkstgCY=",
        "owner": "replit",
        "repo": "replit_rtld_loader",
        "rev": "766ffc13d940fd9d294b4124faef07f371bd6205",
        "type": "github"
      },
      "original": {
        "owner": "replit",
        "repo": "replit_rtld_loader",
        "type": "github"
      }
    },
    "root": {
      "inputs": {
        "fenix": "fenix",
        "java-language-server": "java-language-server",
        "nixd": "nixd",
        "nixpkgs": "nixpkgs",
        "nixpkgs-unstable": "nixpkgs-unstable",
        "prybar": "prybar",
        "replit-rtld-loader": "replit-rtld-loader"
      }
    },
    "rust-analyzer-src": {
      "flake": false,
      "locked": {
        "lastModified": 1705523001,
        "narHash": "sha256-TWq5vJ6m+9HGSDMsQAmz1TMegMi79R3TTyKjnPWsQp8=",
        "owner": "rust-lang",
        "repo": "rust-analyzer",
        "rev": "9d9b34354d2f13e33568c9c55b226dd014a146a0",
        "type": "github"
      },
      "original": {
        "owner": "rust-lang",
        "ref": "nightly",
        "repo": "rust-analyzer",
        "type": "github"
      }
    }
  },
  "root": "root",
  "version": 7
}
