{
  "nodes": {
    "advisory-db": {
      "flake": false,
      "locked": {
        "lastModified": 1678190193,
        "narHash": "sha256-nuiUyTTjzMVfeRZInX81mBrWk26/2AgjZs/cdjX1oIk=",
        "owner": "rustsec",
        "repo": "advisory-db",
        "rev": "292b3a8437125f015adbd32efd6bcdbbd95303f3",
        "type": "github"
      },
      "original": {
        "owner": "rustsec",
        "repo": "advisory-db",
        "type": "github"
      }
    },
    "crane": {
      "inputs": {
        "flake-compat": "flake-compat",
        "flake-utils": "flake-utils_3",
        "nixpkgs": [
          "ztoc-rs",
          "nixpkgs"
        ],
        "rust-overlay": "rust-overlay_2"
      },
      "locked": {
        "lastModified": 1678152261,
        "narHash": "sha256-cPRDxwygVMleiSEGELrvAiq9vYAN4c3KK/K4UEO13vU=",
        "owner": "ipetkov",
        "repo": "crane",
        "rev": "5291dd0aa7a52d607fc952763ef60714e4c881d4",
        "type": "github"
      },
      "original": {
        "owner": "ipetkov",
        "repo": "crane",
        "type": "github"
      }
    },
    "fenix": {
      "inputs": {
        "nixpkgs": [
          "nixpkgs"
        ],
        "rust-analyzer-src": "rust-analyzer-src"
      },
      "locked": {
        "lastModified": 1745217425,
        "narHash": "sha256-iZj8J+KzoeyBGQhtWVjeD84cAKxalF2LFHoi5+HstoI=",
        "owner": "nix-community",
        "repo": "fenix",
        "rev": "4a599e8652a6ca89f79c42f6e05806813f5abd0b",
        "type": "github"
      },
      "original": {
        "owner": "nix-community",
        "repo": "fenix",
        "type": "github"
      }
    },
    "flake-compat": {
      "flake": false,
      "locked": {
        "lastModified": 1673956053,
        "narHash": "sha256-4gtG9iQuiKITOjNQQeQIpoIB6b16fm+504Ch3sNKLd8=",
        "owner": "edolstra",
        "repo": "flake-compat",
        "rev": "35bb57c0c8d8b62bbfd284272c928ceb64ddbde9",
        "type": "github"
      },
      "original": {
        "owner": "edolstra",
        "repo": "flake-compat",
        "type": "github"
      }
    },
    "flake-utils": {
      "inputs": {
        "systems": "systems"
      },
      "locked": {
        "lastModified": 1710146030,
        "narHash": "sha256-SZ5L6eA7HJ/nmkzGG7/ISclqe6oZdOZTNoesiInkXPQ=",
        "owner": "numtide",
        "repo": "flake-utils",
        "rev": "b1d9ab70662946ef0850d488da1c9019f3a9752a",
        "type": "github"
      },
      "original": {
        "owner": "numtide",
        "repo": "flake-utils",
        "type": "github"
      }
    },
    "flake-utils_2": {
      "locked": {
        "lastModified": 1667395993,
        "narHash": "sha256-nuEHfE/LcWyuSWnS8t12N1wc105Qtau+/OdUAjtQ0rA=",
        "owner": "numtide",
        "repo": "flake-utils",
        "rev": "5aed5285a952e0b949eb3ba02c12fa4fcfef535f",
        "type": "github"
      },
      "original": {
        "owner": "numtide",
        "repo": "flake-utils",
        "type": "github"
      }
    },
    "flake-utils_3": {
      "locked": {
        "lastModified": 1676283394,
        "narHash": "sha256-XX2f9c3iySLCw54rJ/CZs+ZK6IQy7GXNY4nSOyu2QG4=",
        "owner": "numtide",
        "repo": "flake-utils",
        "rev": "3db36a8b464d0c4532ba1c7dda728f4576d6d073",
        "type": "github"
      },
      "original": {
        "owner": "numtide",
        "repo": "flake-utils",
        "type": "github"
      }
    },
    "flake-utils_4": {
      "locked": {
        "lastModified": 1676283394,
        "narHash": "sha256-XX2f9c3iySLCw54rJ/CZs+ZK6IQy7GXNY4nSOyu2QG4=",
        "owner": "numtide",
        "repo": "flake-utils",
        "rev": "3db36a8b464d0c4532ba1c7dda728f4576d6d073",
        "type": "github"
      },
      "original": {
        "owner": "numtide",
        "repo": "flake-utils",
        "type": "github"
      }
    },
    "java-language-server": {
      "inputs": {
        "nixpkgs": [
          "nixpkgs"
        ]
      },
      "locked": {
        "lastModified": 1740003396,
        "narHash": "sha256-txIMmVTpMf1NEKuNuQguMd2lPIyWwT3k9AkKK9t4n1c=",
        "owner": "replit",
        "repo": "java-language-server",
        "rev": "f61c12579d978ec9274b048519449f4c8510de4f",
        "type": "github"
      },
      "original": {
        "owner": "replit",
        "repo": "java-language-server",
        "type": "github"
      }
    },
    "nil": {
      "inputs": {
        "flake-utils": "flake-utils",
        "nixpkgs": [
          "nixpkgs"
        ],
        "rust-overlay": "rust-overlay"
      },
      "locked": {
        "lastModified": 1723948777,
        "narHash": "sha256-rX14joTzvRUiCfmCT0LUMV3Mxi79VJANcKB/kkh7Qys=",
        "owner": "oxalica",
        "repo": "nil",
        "rev": "4f3081d1f10bb61f197b780e67f426e53f818691",
        "type": "github"
      },
      "original": {
        "owner": "oxalica",
        "repo": "nil",
        "type": "github"
      }
    },
    "nixpkgs": {
      "locked": {
        "lastModified": 1704290814,
        "narHash": "sha256-LWvKHp7kGxk/GEtlrGYV68qIvPHkU9iToomNFGagixU=",
        "owner": "nixos",
        "repo": "nixpkgs",
        "rev": "70bdadeb94ffc8806c0570eb5c2695ad29f0e421",
        "type": "github"
      },
      "original": {
        "owner": "nixos",
        "ref": "nixos-23.05",
        "repo": "nixpkgs",
        "type": "github"
      }
    },
    "nixpkgs-unstable": {
      "locked": {
        "lastModified": 1734435836,
        "narHash": "sha256-kMBQ5PRiFLagltK0sH+08aiNt3zGERC2297iB6vrvlU=",
        "owner": "nixos",
        "repo": "nixpkgs",
        "rev": "4989a246d7a390a859852baddb1013f825435cee",
        "type": "github"
      },
      "original": {
        "owner": "nixos",
        "ref": "nixpkgs-unstable",
        "repo": "nixpkgs",
        "type": "github"
      }
    },
    "prybar": {
      "inputs": {
        "flake-utils": "flake-utils_2",
        "nixpkgs": [
          "nixpkgs"
        ]
      },
      "locked": {
        "lastModified": 1724945235,
        "narHash": "sha256-kc9RbxSHWvABobPhfa1+NjxaRUg8rnl7aEn+czcTTO8=",
        "owner": "replit",
        "repo": "prybar",
        "rev": "cdd0ba192a7c9f4d6a33c1fcba73c41425ef3d10",
        "type": "github"
      },
      "original": {
        "owner": "replit",
        "repo": "prybar",
        "type": "github"
      }
    },
    "replit-rtld-loader": {
      "inputs": {
        "nixpkgs": [
          "nixpkgs"
        ]
      },
      "locked": {
        "lastModified": 1713277918,
        "narHash": "sha256-87q8ZaQW0qyCvg6QqTHUuvXeB5OtXHEAwwUWZ5gf0A0=",
        "owner": "replit",
        "repo": "replit_rtld_loader",
        "rev": "4eba5ae8b825a724ccdfaa12ad637e9a9754629a",
        "type": "github"
      },
      "original": {
        "owner": "replit",
        "repo": "replit_rtld_loader",
        "type": "github"
      }
    },
    "root": {
      "inputs": {
        "fenix": "fenix",
        "java-language-server": "java-language-server",
        "nil": "nil",
        "nixpkgs": "nixpkgs",
        "nixpkgs-unstable": "nixpkgs-unstable",
        "prybar": "prybar",
        "replit-rtld-loader": "replit-rtld-loader",
        "ztoc-rs": "ztoc-rs"
      }
    },
    "rust-analyzer-src": {
      "flake": false,
      "locked": {
        "lastModified": 1745178985,
        "narHash": "sha256-Gw627dJW6/IJydIUCQnI8c2oilpMxhZIwHb7ppGX7hk=",
        "owner": "rust-lang",
        "repo": "rust-analyzer",
        "rev": "723121e5958cf282db3fdb06970776724a7326d5",
        "type": "github"
      },
      "original": {
        "owner": "rust-lang",
        "ref": "nightly",
        "repo": "rust-analyzer",
        "type": "github"
      }
    },
    "rust-overlay": {
      "inputs": {
        "nixpkgs": [
          "nil",
          "nixpkgs"
        ]
      },
      "locked": {
        "lastModified": 1722824458,
        "narHash": "sha256-2k3/geD5Yh8JT1nrGaRycje5kB0DkvQA/OUZoel1bIU=",
        "owner": "oxalica",
        "repo": "rust-overlay",
        "rev": "a8a937c304e62a5098c6276c9cdf65c19a43b1a5",
        "type": "github"
      },
      "original": {
        "owner": "oxalica",
        "repo": "rust-overlay",
        "type": "github"
      }
    },
    "rust-overlay_2": {
      "inputs": {
        "flake-utils": [
          "ztoc-rs",
          "crane",
          "flake-utils"
        ],
        "nixpkgs": [
          "ztoc-rs",
          "crane",
          "nixpkgs"
        ]
      },
      "locked": {
        "lastModified": 1677812689,
        "narHash": "sha256-EakqhgRnjVeYJv5+BJx/NZ7/eFTMBxc4AhICUNquhUg=",
        "owner": "oxalica",
        "repo": "rust-overlay",
        "rev": "e53e8853aa7b0688bc270e9e6a681d22e01cf299",
        "type": "github"
      },
      "original": {
        "owner": "oxalica",
        "repo": "rust-overlay",
        "type": "github"
      }
    },
    "systems": {
      "locked": {
        "lastModified": 1681028828,
        "narHash": "sha256-Vy1rq5AaRuLzOxct8nz4T6wlgyUR7zLU309k9mBC768=",
        "owner": "nix-systems",
        "repo": "default",
        "rev": "da67096a3b9bf56a91d16901293e51ba5b49a27e",
        "type": "github"
      },
      "original": {
        "owner": "nix-systems",
        "repo": "default",
        "type": "github"
      }
    },
    "ztoc-rs": {
      "inputs": {
        "advisory-db": "advisory-db",
        "crane": "crane",
        "flake-utils": "flake-utils_4",
        "nixpkgs": [
          "nixpkgs"
        ]
      },
      "locked": {
        "lastModified": 1724710535,
        "narHash": "sha256-iw6I7yhXBbanIUi3VHXIveXDXF9BrakwAflQ76/pxDg=",
        "owner": "replit",
        "repo": "ztoc-rs",
        "rev": "977661eba22f474a9fddd1ff1fcd63b6acadc902",
        "type": "github"
      },
      "original": {
        "owner": "replit",
        "repo": "ztoc-rs",
        "type": "github"
      }
    }
  },
  "root": "root",
  "version": 7
}
