# THIS IS AN AUTOGENERATED FILE. DO NOT EDIT THIS FILE DIRECTLY.
# yarn lockfile v1


argparse@^2.0.1:
  version "2.0.1"
  resolved "https://registry.yarnpkg.com/argparse/-/argparse-2.0.1.tgz#246f50f3ca78a3240f6c997e8a9bd1eac49e4b38"
  integrity sha512-8+9WqebbFzpX9OR+Wa6O29asIogeRMzcGtAINdpMHHyAg10f05aSFVBbcEqGf/PXw1EjAZ+q2/bEBg3DvurK3Q==

biwascheme@^0.7.5:
  version "0.7.5"
  resolved "https://registry.yarnpkg.com/biwascheme/-/biwascheme-0.7.5.tgz#9c69abd7782f644ef547b62c42f62eb59ae19ffc"
  integrity sha512-43ZoNvQaQ9vbMbu7Ld0+ff9aqq3fk0jztY0p4fy6UIZUaRAuiK9ulkjtIJG7zRBkD/ZclOGUXbG13SA0jYy2NQ==
  dependencies:
    optparse "1.0.5"

optparse@1.0.5:
  version "1.0.5"
  resolved "https://registry.yarnpkg.com/optparse/-/optparse-1.0.5.tgz#75e75a96506611eb1c65ba89018ff08a981e2c16"
  integrity sha1-dedallBmEescZbqJAY/wipgeLBY=

prettier@^1.18.2:
  version "1.19.1"
  resolved "https://registry.yarnpkg.com/prettier/-/prettier-1.19.1.tgz#f7d7f5ff8a9cd872a7be4ca142095956a60797cb"
  integrity sha512-s7PoyDv/II1ObgQunCbB9PdLmUcBZcnWOcxDh7O0N/UwDEsHyqkW+Qh28jW+mVuCdx7gLB0BotYI1Y6uI9iyew==

underscore@1.2.2:
  version "1.2.2"
  resolved "https://registry.yarnpkg.com/underscore/-/underscore-1.2.2.tgz#74dd40e9face84e724eb2edae945b8aedc233ba3"
  integrity sha1-dN1A6frOhOck6y7a6UW4rtwjO6M=
